{
  "name": "server",
  "version": "1.0.0",
  "lockfileVersion": 1,
  "requires": true,
  "dependencies": {
    "@types/body-parser": {
      "version": "1.17.0",
      "resolved": "https://hbc.jfrog.io/hbc/api/npm/hbc-virt-npm/@types/body-parser/-/body-parser-1.17.0.tgz",
      "integrity": "sha1-n1ydm9BLtUvjLV65/A2Ml05s9Yw=",
      "requires": {
        "@types/connect": "3.4.32",
        "@types/node": "10.12.1"
      }
    },
    "@types/connect": {
      "version": "3.4.32",
      "resolved": "https://hbc.jfrog.io/hbc/api/npm/hbc-virt-npm/@types/connect/-/connect-3.4.32.tgz",
      "integrity": "sha1-qg6WFrlDXMrQK8UrW0VP/Cxwuig=",
      "requires": {
        "@types/node": "10.12.1"
      }
    },
    "@types/events": {
      "version": "1.2.0",
      "resolved": "https://hbc.jfrog.io/hbc/api/npm/hbc-virt-npm/@types/events/-/events-1.2.0.tgz",
      "integrity": "sha1-gaZzHOTfQ2GeXIyUU4Oz5iqJ6oY="
    },
    "@types/express": {
      "version": "4.16.0",
      "resolved": "https://hbc.jfrog.io/hbc/api/npm/hbc-virt-npm/@types/express/-/express-4.16.0.tgz",
      "integrity": "sha1-bYvELMqm81zymit8MzPLR7WjKhk=",
      "requires": {
        "@types/body-parser": "1.17.0",
        "@types/express-serve-static-core": "4.16.0",
        "@types/serve-static": "1.13.2"
      }
    },
    "@types/express-jwt": {
      "version": "0.0.34",
      "resolved": "https://hbc.jfrog.io/hbc/api/npm/hbc-virt-npm/@types/express-jwt/-/express-jwt-0.0.34.tgz",
      "integrity": "sha1-/b7kxq9cCiRu8qkz9VGZc8dxfwI=",
      "requires": {
        "@types/express": "4.16.0",
        "@types/express-unless": "0.0.32"
      }
    },
    "@types/express-serve-static-core": {
      "version": "4.16.0",
      "resolved": "https://hbc.jfrog.io/hbc/api/npm/hbc-virt-npm/@types/express-serve-static-core/-/express-serve-static-core-4.16.0.tgz",
      "integrity": "sha1-/f53dZTdwf6OuOzM5S4mG0luQ+c=",
      "requires": {
        "@types/events": "1.2.0",
        "@types/node": "10.12.1",
        "@types/range-parser": "1.2.2"
      }
    },
    "@types/express-unless": {
      "version": "0.0.32",
      "resolved": "https://hbc.jfrog.io/hbc/api/npm/hbc-virt-npm/@types/express-unless/-/express-unless-0.0.32.tgz",
      "integrity": "sha1-eD88wfpeZ8wu0wAA8+HyJQH3XVA=",
      "requires": {
        "@types/express": "4.16.0"
      }
    },
    "@types/mime": {
      "version": "2.0.0",
      "resolved": "https://hbc.jfrog.io/hbc/api/npm/hbc-virt-npm/@types/mime/-/mime-2.0.0.tgz",
      "integrity": "sha1-WnMG42fFObn2VDSZ3o3VGfrDeos="
    },
    "@types/node": {
      "version": "10.12.1",
      "resolved": "https://hbc.jfrog.io/hbc/api/npm/hbc-virt-npm/@types/node/-/node-10.12.1.tgz",
      "integrity": "sha1-2mG2SikwqA+nCOV8Rc1UQes3nVs="
    },
    "@types/range-parser": {
      "version": "1.2.2",
      "resolved": "https://hbc.jfrog.io/hbc/api/npm/hbc-virt-npm/@types/range-parser/-/range-parser-1.2.2.tgz",
      "integrity": "sha1-+o4a0dR0aIp1cUDJHebazm9KvI0="
    },
    "@types/serve-static": {
      "version": "1.13.2",
      "resolved": "https://hbc.jfrog.io/hbc/api/npm/hbc-virt-npm/@types/serve-static/-/serve-static-1.13.2.tgz",
      "integrity": "sha1-9axNemQgqZpqRa9HGfTc2M2Qekg=",
      "requires": {
        "@types/express-serve-static-core": "4.16.0",
        "@types/mime": "2.0.0"
      }
    },
    "accepts": {
      "version": "1.3.5",
      "resolved": "https://hbc.jfrog.io/hbc/api/npm/hbc-virt-npm/accepts/-/accepts-1.3.5.tgz",
      "integrity": "sha1-63d99gEXI6OxTopywIBcjoZ0a9I=",
      "requires": {
        "mime-types": "2.1.21",
        "negotiator": "0.6.1"
      }
    },
    "after": {
      "version": "0.8.2",
      "resolved": "https://hbc.jfrog.io/hbc/api/npm/hbc-virt-npm/after/-/after-0.8.2.tgz",
      "integrity": "sha1-/ts5T58OAqqXaOcCvaI7UF+ufh8="
    },
    "ajv": {
      "version": "5.5.2",
      "resolved": "https://hbc.jfrog.io/hbc/api/npm/hbc-virt-npm/ajv/-/ajv-5.5.2.tgz",
      "integrity": "sha1-c7Xuyj+rZT49P5Qis0GtQiBdyWU=",
      "requires": {
        "co": "4.6.0",
        "fast-deep-equal": "1.1.0",
        "fast-json-stable-stringify": "2.0.0",
        "json-schema-traverse": "0.3.1"
      }
    },
    "array-flatten": {
      "version": "1.1.1",
      "resolved": "https://hbc.jfrog.io/hbc/api/npm/hbc-virt-npm/array-flatten/-/array-flatten-1.1.1.tgz",
      "integrity": "sha1-ml9pkFGx5wczKPKgCJaLZOopVdI="
    },
    "arraybuffer.slice": {
      "version": "0.0.7",
      "resolved": "https://hbc.jfrog.io/hbc/api/npm/hbc-virt-npm/arraybuffer.slice/-/arraybuffer.slice-0.0.7.tgz",
      "integrity": "sha1-O7xCdd1YTMGxCAm4nU6LY6aednU="
    },
    "asn1": {
      "version": "0.2.4",
      "resolved": "https://hbc.jfrog.io/hbc/api/npm/hbc-virt-npm/asn1/-/asn1-0.2.4.tgz",
      "integrity": "sha1-jSR136tVO7M+d7VOWeiAu4ziMTY=",
      "requires": {
        "safer-buffer": "2.1.2"
      }
    },
    "assert-plus": {
      "version": "1.0.0",
      "resolved": "https://hbc.jfrog.io/hbc/api/npm/hbc-virt-npm/assert-plus/-/assert-plus-1.0.0.tgz",
      "integrity": "sha1-8S4PPF13sLHN2RRpQuTpbB5N1SU="
    },
    "async-limiter": {
      "version": "1.0.0",
      "resolved": "https://hbc.jfrog.io/hbc/api/npm/hbc-virt-npm/async-limiter/-/async-limiter-1.0.0.tgz",
      "integrity": "sha1-ePrtjD0HSrgfIrTphdeehzj3IPg="
    },
    "asynckit": {
      "version": "0.4.0",
      "resolved": "https://hbc.jfrog.io/hbc/api/npm/hbc-virt-npm/asynckit/-/asynckit-0.4.0.tgz",
      "integrity": "sha1-x57Zf380y48robyXkLzDZkdLS3k="
    },
    "aws-sign2": {
      "version": "0.7.0",
      "resolved": "https://hbc.jfrog.io/hbc/api/npm/hbc-virt-npm/aws-sign2/-/aws-sign2-0.7.0.tgz",
      "integrity": "sha1-tG6JCTSpWR8tL2+G1+ap8bP+dqg="
    },
    "aws4": {
      "version": "1.8.0",
      "resolved": "https://hbc.jfrog.io/hbc/api/npm/hbc-virt-npm/aws4/-/aws4-1.8.0.tgz",
      "integrity": "sha1-8OAD2cqef1nHpQiUXXsu+aBKVC8="
    },
    "backo2": {
      "version": "1.0.2",
      "resolved": "https://hbc.jfrog.io/hbc/api/npm/hbc-virt-npm/backo2/-/backo2-1.0.2.tgz",
      "integrity": "sha1-MasayLEpNjRj41s+u2n038+6eUc="
    },
    "base64-arraybuffer": {
      "version": "0.1.5",
      "resolved": "https://hbc.jfrog.io/hbc/api/npm/hbc-virt-npm/base64-arraybuffer/-/base64-arraybuffer-0.1.5.tgz",
      "integrity": "sha1-c5JncZI7Whl0etZmqlzUv5xunOg="
    },
    "base64id": {
      "version": "1.0.0",
      "resolved": "https://hbc.jfrog.io/hbc/api/npm/hbc-virt-npm/base64id/-/base64id-1.0.0.tgz",
      "integrity": "sha1-R2iMuZu2gE8OBtPnY7HDLlfY5rY="
    },
    "bcrypt-pbkdf": {
      "version": "1.0.2",
      "resolved": "https://hbc.jfrog.io/hbc/api/npm/hbc-virt-npm/bcrypt-pbkdf/-/bcrypt-pbkdf-1.0.2.tgz",
      "integrity": "sha1-pDAdOJtqQ/m2f/PKEaP2Y342Dp4=",
      "requires": {
        "tweetnacl": "0.14.5"
      }
    },
    "better-assert": {
      "version": "1.0.2",
      "resolved": "https://hbc.jfrog.io/hbc/api/npm/hbc-virt-npm/better-assert/-/better-assert-1.0.2.tgz",
      "integrity": "sha1-QIZrnhueC1W0gYlDEeaPr/rrxSI=",
      "requires": {
        "callsite": "1.0.0"
      }
    },
    "blob": {
      "version": "0.0.4",
      "resolved": "https://hbc.jfrog.io/hbc/api/npm/hbc-virt-npm/blob/-/blob-0.0.4.tgz",
      "integrity": "sha1-vPEwUspURj8w+fx+lbmkdjCpSSE="
    },
    "body-parser": {
      "version": "1.18.3",
      "resolved": "https://hbc.jfrog.io/hbc/api/npm/hbc-virt-npm/body-parser/-/body-parser-1.18.3.tgz",
      "integrity": "sha1-WykhmP/dVTs6DyDe0FkrlWlVyLQ=",
      "requires": {
        "bytes": "3.0.0",
        "content-type": "1.0.4",
        "debug": "2.6.9",
        "depd": "1.1.2",
        "http-errors": "1.6.3",
        "iconv-lite": "0.4.23",
        "on-finished": "2.3.0",
        "qs": "6.5.2",
        "raw-body": "2.3.3",
        "type-is": "1.6.16"
      }
    },
    "buffer-equal-constant-time": {
      "version": "1.0.1",
      "resolved": "https://hbc.jfrog.io/hbc/api/npm/hbc-virt-npm/buffer-equal-constant-time/-/buffer-equal-constant-time-1.0.1.tgz",
      "integrity": "sha1-+OcRMvf/5uAaXJaXpMbz5I1cyBk="
    },
    "bytes": {
      "version": "3.0.0",
      "resolved": "https://hbc.jfrog.io/hbc/api/npm/hbc-virt-npm/bytes/-/bytes-3.0.0.tgz",
      "integrity": "sha1-0ygVQE1olpn4Wk6k+odV3ROpYEg="
    },
    "callsite": {
      "version": "1.0.0",
      "resolved": "https://hbc.jfrog.io/hbc/api/npm/hbc-virt-npm/callsite/-/callsite-1.0.0.tgz",
      "integrity": "sha1-KAOY5dZkvXQDi28JBRU+borxvCA="
    },
    "caseless": {
      "version": "0.12.0",
      "resolved": "https://hbc.jfrog.io/hbc/api/npm/hbc-virt-npm/caseless/-/caseless-0.12.0.tgz",
      "integrity": "sha1-G2gcIf+EAzyCZUMJBolCDRhxUdw="
    },
    "co": {
      "version": "4.6.0",
      "resolved": "https://hbc.jfrog.io/hbc/api/npm/hbc-virt-npm/co/-/co-4.6.0.tgz",
      "integrity": "sha1-bqa989hTrlTMuOR7+gvz+QMfsYQ="
    },
    "combined-stream": {
      "version": "1.0.7",
      "resolved": "https://hbc.jfrog.io/hbc/api/npm/hbc-virt-npm/combined-stream/-/combined-stream-1.0.7.tgz",
      "integrity": "sha1-LR0kMXr7ir6V1tLAsHtXgTU52Cg=",
      "requires": {
        "delayed-stream": "1.0.0"
      }
    },
    "component-bind": {
      "version": "1.0.0",
      "resolved": "https://hbc.jfrog.io/hbc/api/npm/hbc-virt-npm/component-bind/-/component-bind-1.0.0.tgz",
      "integrity": "sha1-AMYIq33Nk4l8AAllGx06jh5zu9E="
    },
    "component-emitter": {
      "version": "1.2.1",
      "resolved": "https://hbc.jfrog.io/hbc/api/npm/hbc-virt-npm/component-emitter/-/component-emitter-1.2.1.tgz",
      "integrity": "sha1-E3kY1teCg/ffemt8WmPhQOaUJeY="
    },
    "component-inherit": {
      "version": "0.0.3",
      "resolved": "https://hbc.jfrog.io/hbc/api/npm/hbc-virt-npm/component-inherit/-/component-inherit-0.0.3.tgz",
      "integrity": "sha1-ZF/ErfWLcrZJ1crmUTVhnbJv8UM="
    },
    "content-disposition": {
      "version": "0.5.2",
      "resolved": "https://hbc.jfrog.io/hbc/api/npm/hbc-virt-npm/content-disposition/-/content-disposition-0.5.2.tgz",
      "integrity": "sha1-DPaLud318r55YcOoUXjLhdunjLQ="
    },
    "content-type": {
      "version": "1.0.4",
      "resolved": "https://hbc.jfrog.io/hbc/api/npm/hbc-virt-npm/content-type/-/content-type-1.0.4.tgz",
      "integrity": "sha1-4TjMdeBAxyexlm/l5fjJruJW/js="
    },
    "cookie": {
      "version": "0.3.1",
      "resolved": "https://hbc.jfrog.io/hbc/api/npm/hbc-virt-npm/cookie/-/cookie-0.3.1.tgz",
      "integrity": "sha1-5+Ch+e9DtMi6klxcWpboBtFoc7s="
    },
    "cookie-signature": {
      "version": "1.0.6",
      "resolved": "https://hbc.jfrog.io/hbc/api/npm/hbc-virt-npm/cookie-signature/-/cookie-signature-1.0.6.tgz",
      "integrity": "sha1-4wOogrNCzD7oylE6eZmXNNqzriw="
    },
    "core-util-is": {
      "version": "1.0.2",
      "resolved": "https://hbc.jfrog.io/hbc/api/npm/hbc-virt-npm/core-util-is/-/core-util-is-1.0.2.tgz",
      "integrity": "sha1-tf1UIgqivFq1eqtxQMlAdUUDwac="
    },
    "dashdash": {
      "version": "1.14.1",
      "resolved": "https://hbc.jfrog.io/hbc/api/npm/hbc-virt-npm/dashdash/-/dashdash-1.14.1.tgz",
      "integrity": "sha1-hTz6D3y+L+1d4gMmuN1YEDX24vA=",
      "requires": {
        "assert-plus": "1.0.0"
      }
    },
    "debug": {
      "version": "2.6.9",
      "resolved": "https://hbc.jfrog.io/hbc/api/npm/hbc-virt-npm/debug/-/debug-2.6.9.tgz",
      "integrity": "sha1-XRKFFd8TT/Mn6QpMk/Tgd6U2NB8=",
      "requires": {
        "ms": "2.0.0"
      }
    },
    "delayed-stream": {
      "version": "1.0.0",
      "resolved": "https://hbc.jfrog.io/hbc/api/npm/hbc-virt-npm/delayed-stream/-/delayed-stream-1.0.0.tgz",
      "integrity": "sha1-3zrhmayt+31ECqrgsp4icrJOxhk="
    },
    "depd": {
      "version": "1.1.2",
      "resolved": "https://hbc.jfrog.io/hbc/api/npm/hbc-virt-npm/depd/-/depd-1.1.2.tgz",
      "integrity": "sha1-m81S4UwJd2PnSbJ0xDRu0uVgtak="
    },
    "destroy": {
      "version": "1.0.4",
      "resolved": "https://hbc.jfrog.io/hbc/api/npm/hbc-virt-npm/destroy/-/destroy-1.0.4.tgz",
      "integrity": "sha1-l4hXRCxEdJ5CBmE+N5RiBYJqvYA="
    },
    "ecc-jsbn": {
      "version": "0.1.2",
      "resolved": "https://hbc.jfrog.io/hbc/api/npm/hbc-virt-npm/ecc-jsbn/-/ecc-jsbn-0.1.2.tgz",
      "integrity": "sha1-OoOpBOVDUyh4dMVkt1SThoSamMk=",
      "requires": {
        "jsbn": "0.1.1",
        "safer-buffer": "2.1.2"
      }
    },
    "ecdsa-sig-formatter": {
      "version": "1.0.10",
      "resolved": "https://hbc.jfrog.io/hbc/api/npm/hbc-virt-npm/ecdsa-sig-formatter/-/ecdsa-sig-formatter-1.0.10.tgz",
      "integrity": "sha1-HFlQAPBKiJffuFAAiSoPTDOvhsM=",
      "requires": {
        "safe-buffer": "5.1.2"
      }
    },
    "ee-first": {
      "version": "1.1.1",
      "resolved": "https://hbc.jfrog.io/hbc/api/npm/hbc-virt-npm/ee-first/-/ee-first-1.1.1.tgz",
      "integrity": "sha1-WQxhFWsK4vTwJVcyoViyZrxWsh0="
    },
    "encodeurl": {
      "version": "1.0.2",
      "resolved": "https://hbc.jfrog.io/hbc/api/npm/hbc-virt-npm/encodeurl/-/encodeurl-1.0.2.tgz",
      "integrity": "sha1-rT/0yG7C0CkyL1oCw6mmBslbP1k="
    },
    "engine.io": {
      "version": "3.2.0",
      "resolved": "https://hbc.jfrog.io/hbc/api/npm/hbc-virt-npm/engine.io/-/engine.io-3.2.0.tgz",
      "integrity": "sha1-VDMlBvQvLtxxaQ0vKkI0k1nzv30=",
      "requires": {
        "accepts": "1.3.5",
        "base64id": "1.0.0",
        "cookie": "0.3.1",
        "debug": "3.1.0",
        "engine.io-parser": "2.1.2",
        "ws": "3.3.3"
      },
      "dependencies": {
        "debug": {
          "version": "3.1.0",
          "resolved": "https://hbc.jfrog.io/hbc/api/npm/hbc-virt-npm/debug/-/debug-3.1.0.tgz",
          "integrity": "sha1-W7WgZyYotkFJVmuhaBnmFRjGcmE=",
          "requires": {
            "ms": "2.0.0"
          }
        }
      }
    },
    "engine.io-client": {
      "version": "3.2.1",
      "resolved": "https://hbc.jfrog.io/hbc/api/npm/hbc-virt-npm/engine.io-client/-/engine.io-client-3.2.1.tgz",
      "integrity": "sha1-b1TAR13khxWKGnx30QF4cItq3TY=",
      "requires": {
        "component-emitter": "1.2.1",
        "component-inherit": "0.0.3",
        "debug": "3.1.0",
        "engine.io-parser": "2.1.2",
        "has-cors": "1.1.0",
        "indexof": "0.0.1",
        "parseqs": "0.0.5",
        "parseuri": "0.0.5",
        "ws": "3.3.3",
        "xmlhttprequest-ssl": "1.5.5",
        "yeast": "0.1.2"
      },
      "dependencies": {
        "debug": {
          "version": "3.1.0",
          "resolved": "https://hbc.jfrog.io/hbc/api/npm/hbc-virt-npm/debug/-/debug-3.1.0.tgz",
          "integrity": "sha1-W7WgZyYotkFJVmuhaBnmFRjGcmE=",
          "requires": {
            "ms": "2.0.0"
          }
        }
      }
    },
    "engine.io-parser": {
      "version": "2.1.2",
      "resolved": "https://hbc.jfrog.io/hbc/api/npm/hbc-virt-npm/engine.io-parser/-/engine.io-parser-2.1.2.tgz",
      "integrity": "sha1-TA9M/3mq7su9z96maoI8YIVAkZY=",
      "requires": {
        "after": "0.8.2",
        "arraybuffer.slice": "0.0.7",
        "base64-arraybuffer": "0.1.5",
        "blob": "0.0.4",
        "has-binary2": "1.0.3"
      }
    },
    "escape-html": {
      "version": "1.0.3",
      "resolved": "https://hbc.jfrog.io/hbc/api/npm/hbc-virt-npm/escape-html/-/escape-html-1.0.3.tgz",
      "integrity": "sha1-Aljq5NPQwJdN4cFpGI7wBR0dGYg="
    },
    "etag": {
      "version": "1.8.1",
      "resolved": "https://hbc.jfrog.io/hbc/api/npm/hbc-virt-npm/etag/-/etag-1.8.1.tgz",
      "integrity": "sha1-Qa4u62XvpiJorr/qg6x9eSmbCIc="
    },
    "express": {
      "version": "4.16.4",
      "resolved": "https://hbc.jfrog.io/hbc/api/npm/hbc-virt-npm/express/-/express-4.16.4.tgz",
      "integrity": "sha1-/d72GSYQniTFFeqX/S8b2/Yt8S4=",
      "requires": {
        "accepts": "1.3.5",
        "array-flatten": "1.1.1",
        "body-parser": "1.18.3",
        "content-disposition": "0.5.2",
        "content-type": "1.0.4",
        "cookie": "0.3.1",
        "cookie-signature": "1.0.6",
        "debug": "2.6.9",
        "depd": "1.1.2",
        "encodeurl": "1.0.2",
        "escape-html": "1.0.3",
        "etag": "1.8.1",
        "finalhandler": "1.1.1",
        "fresh": "0.5.2",
        "merge-descriptors": "1.0.1",
        "methods": "1.1.2",
        "on-finished": "2.3.0",
        "parseurl": "1.3.2",
        "path-to-regexp": "0.1.7",
        "proxy-addr": "2.0.4",
        "qs": "6.5.2",
        "range-parser": "1.2.0",
        "safe-buffer": "5.1.2",
        "send": "0.16.2",
        "serve-static": "1.13.2",
        "setprototypeof": "1.1.0",
        "statuses": "1.4.0",
        "type-is": "1.6.16",
        "utils-merge": "1.0.1",
        "vary": "1.1.2"
      }
    },
    "extend": {
      "version": "3.0.2",
      "resolved": "https://hbc.jfrog.io/hbc/api/npm/hbc-virt-npm/extend/-/extend-3.0.2.tgz",
      "integrity": "sha1-+LETa0Bx+9jrFAr/hYsQGewpFfo="
    },
    "extsprintf": {
      "version": "1.3.0",
      "resolved": "https://hbc.jfrog.io/hbc/api/npm/hbc-virt-npm/extsprintf/-/extsprintf-1.3.0.tgz",
      "integrity": "sha1-lpGEQOMEGnpBT4xS48V06zw+HgU="
    },
    "fast-deep-equal": {
      "version": "1.1.0",
      "resolved": "https://hbc.jfrog.io/hbc/api/npm/hbc-virt-npm/fast-deep-equal/-/fast-deep-equal-1.1.0.tgz",
      "integrity": "sha1-wFNHeBfIa1HaqFPIHgWbcz0CNhQ="
    },
    "fast-json-stable-stringify": {
      "version": "2.0.0",
      "resolved": "https://hbc.jfrog.io/hbc/api/npm/hbc-virt-npm/fast-json-stable-stringify/-/fast-json-stable-stringify-2.0.0.tgz",
      "integrity": "sha1-1RQsDK7msRifh9OnYREGT4bIu/I="
    },
    "finalhandler": {
      "version": "1.1.1",
      "resolved": "https://hbc.jfrog.io/hbc/api/npm/hbc-virt-npm/finalhandler/-/finalhandler-1.1.1.tgz",
      "integrity": "sha1-7r9O2EAHnIP0JJA4ydcDAIMBsQU=",
      "requires": {
        "debug": "2.6.9",
        "encodeurl": "1.0.2",
        "escape-html": "1.0.3",
        "on-finished": "2.3.0",
        "parseurl": "1.3.2",
        "statuses": "1.4.0",
        "unpipe": "1.0.0"
      }
    },
    "forever-agent": {
      "version": "0.6.1",
      "resolved": "https://hbc.jfrog.io/hbc/api/npm/hbc-virt-npm/forever-agent/-/forever-agent-0.6.1.tgz",
      "integrity": "sha1-+8cfDEGt6zf5bFd60e1C2P2sypE="
    },
    "form-data": {
      "version": "2.3.3",
      "resolved": "https://hbc.jfrog.io/hbc/api/npm/hbc-virt-npm/form-data/-/form-data-2.3.3.tgz",
      "integrity": "sha1-3M5SwF9kTymManq5Nr1yTO/786Y=",
      "requires": {
        "asynckit": "0.4.0",
        "combined-stream": "1.0.7",
        "mime-types": "2.1.21"
      }
    },
    "forwarded": {
      "version": "0.1.2",
      "resolved": "https://hbc.jfrog.io/hbc/api/npm/hbc-virt-npm/forwarded/-/forwarded-0.1.2.tgz",
      "integrity": "sha1-mMI9qxF1ZXuMBXPozszZGw/xjIQ="
    },
    "fresh": {
      "version": "0.5.2",
      "resolved": "https://hbc.jfrog.io/hbc/api/npm/hbc-virt-npm/fresh/-/fresh-0.5.2.tgz",
      "integrity": "sha1-PYyt2Q2XZWn6g1qx+OSyOhBWBac="
    },
    "getpass": {
      "version": "0.1.7",
      "resolved": "https://hbc.jfrog.io/hbc/api/npm/hbc-virt-npm/getpass/-/getpass-0.1.7.tgz",
      "integrity": "sha1-Xv+OPmhNVprkyysSgmBOi6YhSfo=",
      "requires": {
        "assert-plus": "1.0.0"
      }
    },
    "har-schema": {
      "version": "2.0.0",
      "resolved": "https://hbc.jfrog.io/hbc/api/npm/hbc-virt-npm/har-schema/-/har-schema-2.0.0.tgz",
      "integrity": "sha1-qUwiJOvKwEeCoNkDVSHyRzW37JI="
    },
    "har-validator": {
      "version": "5.1.0",
      "resolved": "https://hbc.jfrog.io/hbc/api/npm/hbc-virt-npm/har-validator/-/har-validator-5.1.0.tgz",
      "integrity": "sha1-RGV/VoiiLP1LckhugbOj+xF0LCk=",
      "requires": {
        "ajv": "5.5.2",
        "har-schema": "2.0.0"
      }
    },
    "has-binary2": {
      "version": "1.0.3",
      "resolved": "https://hbc.jfrog.io/hbc/api/npm/hbc-virt-npm/has-binary2/-/has-binary2-1.0.3.tgz",
      "integrity": "sha1-d3asYn8+p3JQz8My2rfd9eT10R0=",
      "requires": {
        "isarray": "2.0.1"
      }
    },
    "has-cors": {
      "version": "1.1.0",
      "resolved": "https://hbc.jfrog.io/hbc/api/npm/hbc-virt-npm/has-cors/-/has-cors-1.1.0.tgz",
      "integrity": "sha1-XkdHk/fqmEPRu5nCPu9J/xJv/zk="
    },
    "http-errors": {
      "version": "1.6.3",
      "resolved": "https://hbc.jfrog.io/hbc/api/npm/hbc-virt-npm/http-errors/-/http-errors-1.6.3.tgz",
      "integrity": "sha1-i1VoC7S+KDoLW/TqLjhYC+HZMg0=",
      "requires": {
        "depd": "1.1.2",
        "inherits": "2.0.3",
        "setprototypeof": "1.1.0",
        "statuses": "1.4.0"
      }
    },
    "http-signature": {
      "version": "1.2.0",
      "resolved": "https://hbc.jfrog.io/hbc/api/npm/hbc-virt-npm/http-signature/-/http-signature-1.2.0.tgz",
      "integrity": "sha1-muzZJRFHcvPZW2WmCruPfBj7rOE=",
      "requires": {
        "assert-plus": "1.0.0",
        "jsprim": "1.4.1",
        "sshpk": "1.15.1"
      }
    },
    "iconv-lite": {
      "version": "0.4.23",
      "resolved": "https://hbc.jfrog.io/hbc/api/npm/hbc-virt-npm/iconv-lite/-/iconv-lite-0.4.23.tgz",
      "integrity": "sha1-KXhx9jvlB63Pv8pxXQzQ7thOmmM=",
      "requires": {
        "safer-buffer": "2.1.2"
      }
    },
    "indexof": {
      "version": "0.0.1",
      "resolved": "https://hbc.jfrog.io/hbc/api/npm/hbc-virt-npm/indexof/-/indexof-0.0.1.tgz",
      "integrity": "sha1-gtwzbSMrkGIXnQWrMpOmYFn9Q10="
    },
    "inherits": {
      "version": "2.0.3",
      "resolved": "https://hbc.jfrog.io/hbc/api/npm/hbc-virt-npm/inherits/-/inherits-2.0.3.tgz",
      "integrity": "sha1-Yzwsg+PaQqUC9SRmAiSA9CCCYd4="
    },
    "ipaddr.js": {
      "version": "1.8.0",
      "resolved": "https://hbc.jfrog.io/hbc/api/npm/hbc-virt-npm/ipaddr.js/-/ipaddr.js-1.8.0.tgz",
      "integrity": "sha1-6qM9bd16zo9/b+DJygRA5wZzix4="
    },
    "is-typedarray": {
      "version": "1.0.0",
      "resolved": "https://hbc.jfrog.io/hbc/api/npm/hbc-virt-npm/is-typedarray/-/is-typedarray-1.0.0.tgz",
      "integrity": "sha1-5HnICFjfDBsR3dppQPlgEfzaSpo="
    },
    "isarray": {
      "version": "2.0.1",
      "resolved": "https://hbc.jfrog.io/hbc/api/npm/hbc-virt-npm/isarray/-/isarray-2.0.1.tgz",
      "integrity": "sha1-o32U7ZzaLVmGXJ92/llu4fM4dB4="
    },
    "isstream": {
      "version": "0.1.2",
      "resolved": "https://hbc.jfrog.io/hbc/api/npm/hbc-virt-npm/isstream/-/isstream-0.1.2.tgz",
      "integrity": "sha1-R+Y/evVa+m+S4VAOaQ64uFKcCZo="
    },
    "jsbn": {
      "version": "0.1.1",
      "resolved": "https://hbc.jfrog.io/hbc/api/npm/hbc-virt-npm/jsbn/-/jsbn-0.1.1.tgz",
      "integrity": "sha1-peZUwuWi3rXyAdls77yoDA7y9RM="
    },
    "json-schema": {
      "version": "0.2.3",
      "resolved": "https://hbc.jfrog.io/hbc/api/npm/hbc-virt-npm/json-schema/-/json-schema-0.2.3.tgz",
      "integrity": "sha1-tIDIkuWaLwWVTOcnvT8qTogvnhM="
    },
    "json-schema-traverse": {
      "version": "0.3.1",
      "resolved": "https://hbc.jfrog.io/hbc/api/npm/hbc-virt-npm/json-schema-traverse/-/json-schema-traverse-0.3.1.tgz",
      "integrity": "sha1-NJptRMU6Ud6JtAgFxdXlm0F9M0A="
    },
    "json-stringify-safe": {
      "version": "5.0.1",
      "resolved": "https://hbc.jfrog.io/hbc/api/npm/hbc-virt-npm/json-stringify-safe/-/json-stringify-safe-5.0.1.tgz",
      "integrity": "sha1-Epai1Y/UXxmg9s4B1lcB4sc1tus="
    },
    "jsonwebtoken": {
      "version": "8.3.0",
      "resolved": "https://hbc.jfrog.io/hbc/api/npm/hbc-virt-npm/jsonwebtoken/-/jsonwebtoken-8.3.0.tgz",
      "integrity": "sha1-BWyQ7ummXtbmxy3bCh0yUQmq9kM=",
      "requires": {
        "jws": "3.1.5",
        "lodash.includes": "4.3.0",
        "lodash.isboolean": "3.0.3",
        "lodash.isinteger": "4.0.4",
        "lodash.isnumber": "3.0.3",
        "lodash.isplainobject": "4.0.6",
        "lodash.isstring": "4.0.1",
        "lodash.once": "4.1.1",
        "ms": "2.1.1"
      },
      "dependencies": {
        "ms": {
          "version": "2.1.1",
          "resolved": "https://hbc.jfrog.io/hbc/api/npm/hbc-virt-npm/ms/-/ms-2.1.1.tgz",
          "integrity": "sha1-MKWGTrPrsKZvLr5tcnrwagnYbgo="
        }
      }
    },
    "jsprim": {
      "version": "1.4.1",
      "resolved": "https://hbc.jfrog.io/hbc/api/npm/hbc-virt-npm/jsprim/-/jsprim-1.4.1.tgz",
      "integrity": "sha1-MT5mvB5cwG5Di8G3SZwuXFastqI=",
      "requires": {
        "assert-plus": "1.0.0",
        "extsprintf": "1.3.0",
        "json-schema": "0.2.3",
        "verror": "1.10.0"
      }
    },
    "jwa": {
      "version": "1.1.6",
      "resolved": "https://hbc.jfrog.io/hbc/api/npm/hbc-virt-npm/jwa/-/jwa-1.1.6.tgz",
      "integrity": "sha1-hyQOdsmAjb3hh4PPImTvSSnuUOY=",
      "requires": {
        "buffer-equal-constant-time": "1.0.1",
        "ecdsa-sig-formatter": "1.0.10",
        "safe-buffer": "5.1.2"
      }
    },
    "jwks-rsa": {
      "version": "1.3.0",
      "resolved": "https://hbc.jfrog.io/hbc/api/npm/hbc-virt-npm/jwks-rsa/-/jwks-rsa-1.3.0.tgz",
      "integrity": "sha1-830qaBWvF6Oy5YmKsqQa2MFospU=",
      "requires": {
        "@types/express-jwt": "0.0.34",
        "debug": "2.6.9",
        "limiter": "1.1.3",
        "lru-memoizer": "1.12.0",
        "ms": "2.0.0",
        "request": "2.88.0"
      }
    },
    "jws": {
      "version": "3.1.5",
      "resolved": "https://hbc.jfrog.io/hbc/api/npm/hbc-virt-npm/jws/-/jws-3.1.5.tgz",
      "integrity": "sha1-gNEtBbKT0ehB58uLTmnlYa3Pg08=",
      "requires": {
        "jwa": "1.1.6",
        "safe-buffer": "5.1.2"
      }
    },
    "limiter": {
      "version": "1.1.3",
      "resolved": "https://hbc.jfrog.io/hbc/api/npm/hbc-virt-npm/limiter/-/limiter-1.1.3.tgz",
      "integrity": "sha1-MuLrVbIyQHaUPl0EwRhf+zh5aO8="
    },
    "lock": {
      "version": "0.1.4",
      "resolved": "https://hbc.jfrog.io/hbc/api/npm/hbc-virt-npm/lock/-/lock-0.1.4.tgz",
      "integrity": "sha1-/sfervF+fDoKVeHaBCgD4l2RdF0="
    },
    "lodash": {
      "version": "4.17.11",
      "resolved": "https://hbc.jfrog.io/hbc/api/npm/hbc-virt-npm/lodash/-/lodash-4.17.11.tgz",
      "integrity": "sha1-s56mIp72B+zYniyN8SU2iRysm40="
    },
    "lodash.includes": {
      "version": "4.3.0",
      "resolved": "https://hbc.jfrog.io/hbc/api/npm/hbc-virt-npm/lodash.includes/-/lodash.includes-4.3.0.tgz",
      "integrity": "sha1-YLuYqHy5I8aMoeUTJUgzFISfVT8="
    },
    "lodash.isboolean": {
      "version": "3.0.3",
      "resolved": "https://hbc.jfrog.io/hbc/api/npm/hbc-virt-npm/lodash.isboolean/-/lodash.isboolean-3.0.3.tgz",
      "integrity": "sha1-bC4XHbKiV82WgC/UOwGyDV9YcPY="
    },
    "lodash.isinteger": {
      "version": "4.0.4",
      "resolved": "https://hbc.jfrog.io/hbc/api/npm/hbc-virt-npm/lodash.isinteger/-/lodash.isinteger-4.0.4.tgz",
      "integrity": "sha1-YZwK89A/iwTDH1iChAt3sRzWg0M="
    },
    "lodash.isnumber": {
      "version": "3.0.3",
      "resolved": "https://hbc.jfrog.io/hbc/api/npm/hbc-virt-npm/lodash.isnumber/-/lodash.isnumber-3.0.3.tgz",
      "integrity": "sha1-POdoEMWSjQM1IwGsKHMX8RwLH/w="
    },
    "lodash.isplainobject": {
      "version": "4.0.6",
      "resolved": "https://hbc.jfrog.io/hbc/api/npm/hbc-virt-npm/lodash.isplainobject/-/lodash.isplainobject-4.0.6.tgz",
      "integrity": "sha1-fFJqUtibRcRcxpC4gWO+BJf1UMs="
    },
    "lodash.isstring": {
      "version": "4.0.1",
      "resolved": "https://hbc.jfrog.io/hbc/api/npm/hbc-virt-npm/lodash.isstring/-/lodash.isstring-4.0.1.tgz",
      "integrity": "sha1-1SfftUVuynzJu5XV2ur4i6VKVFE="
    },
    "lodash.once": {
      "version": "4.1.1",
      "resolved": "https://hbc.jfrog.io/hbc/api/npm/hbc-virt-npm/lodash.once/-/lodash.once-4.1.1.tgz",
      "integrity": "sha1-DdOXEhPHxW34gJd9UEyI+0cal6w="
    },
    "lru-cache": {
      "version": "4.0.2",
      "resolved": "https://hbc.jfrog.io/hbc/api/npm/hbc-virt-npm/lru-cache/-/lru-cache-4.0.2.tgz",
      "integrity": "sha1-HRdnnAac2l0ECZGgnbwsDbN35V4=",
      "requires": {
        "pseudomap": "1.0.2",
        "yallist": "2.1.2"
      }
    },
    "lru-memoizer": {
      "version": "1.12.0",
      "resolved": "https://hbc.jfrog.io/hbc/api/npm/hbc-virt-npm/lru-memoizer/-/lru-memoizer-1.12.0.tgz",
      "integrity": "sha1-7+ZXBsyKnMZT+A8NWm6jitlQ41I=",
      "requires": {
        "lock": "0.1.4",
        "lodash": "4.17.11",
        "lru-cache": "4.0.2",
        "very-fast-args": "1.1.0"
      }
    },
    "media-typer": {
      "version": "0.3.0",
      "resolved": "https://hbc.jfrog.io/hbc/api/npm/hbc-virt-npm/media-typer/-/media-typer-0.3.0.tgz",
      "integrity": "sha1-hxDXrwqmJvj/+hzgAWhUUmMlV0g="
    },
    "merge-descriptors": {
      "version": "1.0.1",
      "resolved": "https://hbc.jfrog.io/hbc/api/npm/hbc-virt-npm/merge-descriptors/-/merge-descriptors-1.0.1.tgz",
      "integrity": "sha1-sAqqVW3YtEVoFQ7J0blT8/kMu2E="
    },
    "methods": {
      "version": "1.1.2",
      "resolved": "https://hbc.jfrog.io/hbc/api/npm/hbc-virt-npm/methods/-/methods-1.1.2.tgz",
      "integrity": "sha1-VSmk1nZUE07cxSZmVoNbD4Ua/O4="
    },
    "mime": {
      "version": "1.4.1",
      "resolved": "https://hbc.jfrog.io/hbc/api/npm/hbc-virt-npm/mime/-/mime-1.4.1.tgz",
      "integrity": "sha1-Eh+evEnjdm8xGnbh+hyAA8SwOqY="
    },
    "mime-db": {
      "version": "1.37.0",
      "resolved": "https://hbc.jfrog.io/hbc/api/npm/hbc-virt-npm/mime-db/-/mime-db-1.37.0.tgz",
      "integrity": "sha1-C2oM5v2+lXbiXx8tL96IMNwK0Ng="
    },
    "mime-types": {
      "version": "2.1.21",
      "resolved": "https://hbc.jfrog.io/hbc/api/npm/hbc-virt-npm/mime-types/-/mime-types-2.1.21.tgz",
      "integrity": "sha1-KJlaoey3cHQv5q5+WPkYHHRLP5Y=",
      "requires": {
        "mime-db": "1.37.0"
      }
    },
    "ms": {
      "version": "2.0.0",
      "resolved": "https://hbc.jfrog.io/hbc/api/npm/hbc-virt-npm/ms/-/ms-2.0.0.tgz",
      "integrity": "sha1-VgiurfwAvmwpAd9fmGF4jeDVl8g="
    },
    "negotiator": {
      "version": "0.6.1",
      "resolved": "https://hbc.jfrog.io/hbc/api/npm/hbc-virt-npm/negotiator/-/negotiator-0.6.1.tgz",
      "integrity": "sha1-KzJxhOiZIQEXeyhWP7XnECrNDKk="
    },
    "oauth-sign": {
      "version": "0.9.0",
      "resolved": "https://hbc.jfrog.io/hbc/api/npm/hbc-virt-npm/oauth-sign/-/oauth-sign-0.9.0.tgz",
      "integrity": "sha1-R6ewFrqmi1+g7PPe4IqFxnmsZFU="
    },
    "object-component": {
      "version": "0.0.3",
      "resolved": "https://hbc.jfrog.io/hbc/api/npm/hbc-virt-npm/object-component/-/object-component-0.0.3.tgz",
      "integrity": "sha1-8MaapQ78lbhmwYb0AKM3acsvEpE="
    },
    "object-keys": {
      "version": "0.4.0",
      "resolved": "https://hbc.jfrog.io/hbc/api/npm/hbc-virt-npm/object-keys/-/object-keys-0.4.0.tgz",
      "integrity": "sha1-KKaq50KN0sOpLz2V8hM13SBOAzY="
    },
    "on-finished": {
      "version": "2.3.0",
      "resolved": "https://hbc.jfrog.io/hbc/api/npm/hbc-virt-npm/on-finished/-/on-finished-2.3.0.tgz",
      "integrity": "sha1-IPEzZIGwg811M3mSoWlxqi2QaUc=",
      "requires": {
        "ee-first": "1.1.1"
      }
    },
    "parseqs": {
      "version": "0.0.5",
      "resolved": "https://hbc.jfrog.io/hbc/api/npm/hbc-virt-npm/parseqs/-/parseqs-0.0.5.tgz",
      "integrity": "sha1-1SCKNzjkZ2bikbouoXNoSSGouJ0=",
      "requires": {
        "better-assert": "1.0.2"
      }
    },
    "parseuri": {
      "version": "0.0.5",
      "resolved": "https://hbc.jfrog.io/hbc/api/npm/hbc-virt-npm/parseuri/-/parseuri-0.0.5.tgz",
      "integrity": "sha1-gCBKUNTbt3m/3G6+J3jZDkvOMgo=",
      "requires": {
        "better-assert": "1.0.2"
      }
    },
    "parseurl": {
      "version": "1.3.2",
      "resolved": "https://hbc.jfrog.io/hbc/api/npm/hbc-virt-npm/parseurl/-/parseurl-1.3.2.tgz",
      "integrity": "sha1-/CidTtiZMRlGDBViUyYs3I3mW/M="
    },
    "path-to-regexp": {
      "version": "0.1.7",
      "resolved": "https://hbc.jfrog.io/hbc/api/npm/hbc-virt-npm/path-to-regexp/-/path-to-regexp-0.1.7.tgz",
      "integrity": "sha1-32BBeABfUi8V60SQ5yR6G/qmf4w="
    },
    "performance-now": {
      "version": "2.1.0",
      "resolved": "https://hbc.jfrog.io/hbc/api/npm/hbc-virt-npm/performance-now/-/performance-now-2.1.0.tgz",
      "integrity": "sha1-Ywn04OX6kT7BxpMHrjZLSzd8nns="
    },
    "proxy-addr": {
      "version": "2.0.4",
      "resolved": "https://hbc.jfrog.io/hbc/api/npm/hbc-virt-npm/proxy-addr/-/proxy-addr-2.0.4.tgz",
      "integrity": "sha1-7PxzO/Iv+Mb0B/onUye5q2fki5M=",
      "requires": {
        "forwarded": "0.1.2",
        "ipaddr.js": "1.8.0"
      }
    },
    "pseudomap": {
      "version": "1.0.2",
      "resolved": "https://hbc.jfrog.io/hbc/api/npm/hbc-virt-npm/pseudomap/-/pseudomap-1.0.2.tgz",
      "integrity": "sha1-8FKijacOYYkX7wqKw0wa5aaChrM="
    },
    "psl": {
      "version": "1.1.29",
      "resolved": "https://hbc.jfrog.io/hbc/api/npm/hbc-virt-npm/psl/-/psl-1.1.29.tgz",
      "integrity": "sha1-YPWA02AXC7cip5fMcEQR5tqFDGc="
    },
    "punycode": {
      "version": "1.4.1",
      "resolved": "https://hbc.jfrog.io/hbc/api/npm/hbc-virt-npm/punycode/-/punycode-1.4.1.tgz",
      "integrity": "sha1-wNWmOycYgArY4esPpSachN1BhF4="
    },
    "qs": {
      "version": "6.5.2",
      "resolved": "https://hbc.jfrog.io/hbc/api/npm/hbc-virt-npm/qs/-/qs-6.5.2.tgz",
      "integrity": "sha1-yzroBuh0BERYTvFUzo7pjUA/PjY="
    },
    "range-parser": {
      "version": "1.2.0",
      "resolved": "https://hbc.jfrog.io/hbc/api/npm/hbc-virt-npm/range-parser/-/range-parser-1.2.0.tgz",
      "integrity": "sha1-9JvmtIeJTdxA3MlKMi9hEJLgDV4="
    },
    "raw-body": {
      "version": "2.3.3",
      "resolved": "https://hbc.jfrog.io/hbc/api/npm/hbc-virt-npm/raw-body/-/raw-body-2.3.3.tgz",
      "integrity": "sha1-GzJOzmtXBuFThVvBFIxlu39uoMM=",
      "requires": {
        "bytes": "3.0.0",
        "http-errors": "1.6.3",
        "iconv-lite": "0.4.23",
        "unpipe": "1.0.0"
      }
    },
    "request": {
      "version": "2.88.0",
      "resolved": "https://hbc.jfrog.io/hbc/api/npm/hbc-virt-npm/request/-/request-2.88.0.tgz",
      "integrity": "sha1-nC/KT301tZLv5Xx/ClXoEFIST+8=",
      "requires": {
        "aws-sign2": "0.7.0",
        "aws4": "1.8.0",
        "caseless": "0.12.0",
        "combined-stream": "1.0.7",
        "extend": "3.0.2",
        "forever-agent": "0.6.1",
        "form-data": "2.3.3",
        "har-validator": "5.1.0",
        "http-signature": "1.2.0",
        "is-typedarray": "1.0.0",
        "isstream": "0.1.2",
        "json-stringify-safe": "5.0.1",
        "mime-types": "2.1.21",
        "oauth-sign": "0.9.0",
        "performance-now": "2.1.0",
        "qs": "6.5.2",
        "safe-buffer": "5.1.2",
        "tough-cookie": "2.4.3",
        "tunnel-agent": "0.6.0",
        "uuid": "3.3.2"
      }
    },
    "safe-buffer": {
      "version": "5.1.2",
      "resolved": "https://hbc.jfrog.io/hbc/api/npm/hbc-virt-npm/safe-buffer/-/safe-buffer-5.1.2.tgz",
      "integrity": "sha1-mR7GnSluAxN0fVm9/St0XDX4go0="
    },
    "safer-buffer": {
      "version": "2.1.2",
      "resolved": "https://hbc.jfrog.io/hbc/api/npm/hbc-virt-npm/safer-buffer/-/safer-buffer-2.1.2.tgz",
      "integrity": "sha1-RPoWGwGHuVSd2Eu5GAL5vYOFzWo="
    },
    "send": {
      "version": "0.16.2",
      "resolved": "https://hbc.jfrog.io/hbc/api/npm/hbc-virt-npm/send/-/send-0.16.2.tgz",
      "integrity": "sha1-bsyh4PjBVtFBWXVZhI32RzCmu8E=",
      "requires": {
        "debug": "2.6.9",
        "depd": "1.1.2",
        "destroy": "1.0.4",
        "encodeurl": "1.0.2",
        "escape-html": "1.0.3",
        "etag": "1.8.1",
        "fresh": "0.5.2",
        "http-errors": "1.6.3",
        "mime": "1.4.1",
        "ms": "2.0.0",
        "on-finished": "2.3.0",
        "range-parser": "1.2.0",
        "statuses": "1.4.0"
      }
    },
    "serve-static": {
      "version": "1.13.2",
      "resolved": "https://hbc.jfrog.io/hbc/api/npm/hbc-virt-npm/serve-static/-/serve-static-1.13.2.tgz",
      "integrity": "sha1-CV6Ecv1bRiN9tQzkhqQ/S4bGzsE=",
      "requires": {
        "encodeurl": "1.0.2",
        "escape-html": "1.0.3",
        "parseurl": "1.3.2",
        "send": "0.16.2"
      }
    },
    "setprototypeof": {
      "version": "1.1.0",
      "resolved": "https://hbc.jfrog.io/hbc/api/npm/hbc-virt-npm/setprototypeof/-/setprototypeof-1.1.0.tgz",
      "integrity": "sha1-0L2FU2iHtv58DYGMuWLZ2RxU5lY="
    },
    "socket.io": {
      "version": "2.1.1",
      "resolved": "https://hbc.jfrog.io/hbc/api/npm/hbc-virt-npm/socket.io/-/socket.io-2.1.1.tgz",
      "integrity": "sha1-oGnF/qvuPmshSnW0DOBlLhz7mYA=",
      "requires": {
        "debug": "3.1.0",
        "engine.io": "3.2.0",
        "has-binary2": "1.0.3",
        "socket.io-adapter": "1.1.1",
        "socket.io-client": "2.1.1",
        "socket.io-parser": "3.2.0"
      },
      "dependencies": {
        "debug": {
          "version": "3.1.0",
          "resolved": "https://hbc.jfrog.io/hbc/api/npm/hbc-virt-npm/debug/-/debug-3.1.0.tgz",
          "integrity": "sha1-W7WgZyYotkFJVmuhaBnmFRjGcmE=",
          "requires": {
            "ms": "2.0.0"
          }
        }
      }
    },
    "socket.io-adapter": {
      "version": "1.1.1",
      "resolved": "https://hbc.jfrog.io/hbc/api/npm/hbc-virt-npm/socket.io-adapter/-/socket.io-adapter-1.1.1.tgz",
      "integrity": "sha1-KoBeihTWNyEk3ZFZrUUC+MsH8Gs="
    },
    "socket.io-client": {
      "version": "2.1.1",
      "resolved": "https://hbc.jfrog.io/hbc/api/npm/hbc-virt-npm/socket.io-client/-/socket.io-client-2.1.1.tgz",
      "integrity": "sha1-3LOBA0NqtFeN2wJmOK4vIbYjZx8=",
      "requires": {
        "backo2": "1.0.2",
        "base64-arraybuffer": "0.1.5",
        "component-bind": "1.0.0",
        "component-emitter": "1.2.1",
        "debug": "3.1.0",
        "engine.io-client": "3.2.1",
        "has-binary2": "1.0.3",
        "has-cors": "1.1.0",
        "indexof": "0.0.1",
        "object-component": "0.0.3",
        "parseqs": "0.0.5",
        "parseuri": "0.0.5",
        "socket.io-parser": "3.2.0",
        "to-array": "0.1.4"
      },
      "dependencies": {
        "debug": {
          "version": "3.1.0",
          "resolved": "https://hbc.jfrog.io/hbc/api/npm/hbc-virt-npm/debug/-/debug-3.1.0.tgz",
          "integrity": "sha1-W7WgZyYotkFJVmuhaBnmFRjGcmE=",
          "requires": {
            "ms": "2.0.0"
          }
        }
      }
    },
    "socket.io-parser": {
      "version": "3.2.0",
      "resolved": "https://hbc.jfrog.io/hbc/api/npm/hbc-virt-npm/socket.io-parser/-/socket.io-parser-3.2.0.tgz",
      "integrity": "sha1-58Yii2qh+BTmFIrqMltRqpSZ4Hc=",
      "requires": {
        "component-emitter": "1.2.1",
        "debug": "3.1.0",
        "isarray": "2.0.1"
      },
      "dependencies": {
        "debug": {
          "version": "3.1.0",
          "resolved": "https://hbc.jfrog.io/hbc/api/npm/hbc-virt-npm/debug/-/debug-3.1.0.tgz",
          "integrity": "sha1-W7WgZyYotkFJVmuhaBnmFRjGcmE=",
          "requires": {
            "ms": "2.0.0"
          }
        }
      }
    },
    "socketio-jwt": {
      "version": "4.5.0",
      "resolved": "https://hbc.jfrog.io/hbc/api/npm/hbc-virt-npm/socketio-jwt/-/socketio-jwt-4.5.0.tgz",
      "integrity": "sha1-6riUwlk9+jWGIrltebjBiI12p88=",
      "requires": {
        "jsonwebtoken": "5.7.0",
        "xtend": "2.1.2"
      },
      "dependencies": {
        "jsonwebtoken": {
          "version": "5.7.0",
          "resolved": "https://hbc.jfrog.io/hbc/api/npm/hbc-virt-npm/jsonwebtoken/-/jsonwebtoken-5.7.0.tgz",
          "integrity": "sha1-HJD5qGzlt0j1+XnBK3BAK0r83bQ=",
          "requires": {
            "jws": "3.1.5",
            "ms": "0.7.3",
            "xtend": "4.0.1"
          },
          "dependencies": {
            "xtend": {
              "version": "4.0.1",
              "resolved": "https://hbc.jfrog.io/hbc/api/npm/hbc-virt-npm/xtend/-/xtend-4.0.1.tgz",
              "integrity": "sha1-pcbVMr5lbiPbgg77lDofBJmNY68="
            }
          }
        },
        "ms": {
          "version": "0.7.3",
          "resolved": "https://hbc.jfrog.io/hbc/api/npm/hbc-virt-npm/ms/-/ms-0.7.3.tgz",
          "integrity": "sha1-cIFVpeROM/X9D8U+gdDUCpG+H/8="
        }
      }
    },
    "sshpk": {
      "version": "1.15.1",
      "resolved": "https://hbc.jfrog.io/hbc/api/npm/hbc-virt-npm/sshpk/-/sshpk-1.15.1.tgz",
      "integrity": "sha1-t5oImnMuNGxuBxSDDzYoXNOBkaI=",
      "requires": {
        "asn1": "0.2.4",
        "assert-plus": "1.0.0",
        "bcrypt-pbkdf": "1.0.2",
        "dashdash": "1.14.1",
        "ecc-jsbn": "0.1.2",
        "getpass": "0.1.7",
        "jsbn": "0.1.1",
        "safer-buffer": "2.1.2",
        "tweetnacl": "0.14.5"
      }
    },
    "statuses": {
      "version": "1.4.0",
      "resolved": "https://hbc.jfrog.io/hbc/api/npm/hbc-virt-npm/statuses/-/statuses-1.4.0.tgz",
      "integrity": "sha1-u3PURtonlhBu/MG2AaJT1sRr0Ic="
    },
    "to-array": {
      "version": "0.1.4",
      "resolved": "https://hbc.jfrog.io/hbc/api/npm/hbc-virt-npm/to-array/-/to-array-0.1.4.tgz",
      "integrity": "sha1-F+bBH3PdTz10zaek/zI46a2b+JA="
    },
    "tough-cookie": {
      "version": "2.4.3",
      "resolved": "https://hbc.jfrog.io/hbc/api/npm/hbc-virt-npm/tough-cookie/-/tough-cookie-2.4.3.tgz",
      "integrity": "sha1-U/Nto/R3g7CSWvoG/587FlKA94E=",
      "requires": {
        "psl": "1.1.29",
        "punycode": "1.4.1"
      }
    },
    "tunnel-agent": {
      "version": "0.6.0",
      "resolved": "https://hbc.jfrog.io/hbc/api/npm/hbc-virt-npm/tunnel-agent/-/tunnel-agent-0.6.0.tgz",
      "integrity": "sha1-J6XeoGs2sEoKmWZ3SykIaPD8QP0=",
      "requires": {
        "safe-buffer": "5.1.2"
      }
    },
    "tweetnacl": {
      "version": "0.14.5",
      "resolved": "https://hbc.jfrog.io/hbc/api/npm/hbc-virt-npm/tweetnacl/-/tweetnacl-0.14.5.tgz",
      "integrity": "sha1-WuaBd/GS1EViadEIr6k/+HQ/T2Q="
    },
    "type-is": {
      "version": "1.6.16",
      "resolved": "https://hbc.jfrog.io/hbc/api/npm/hbc-virt-npm/type-is/-/type-is-1.6.16.tgz",
      "integrity": "sha1-+JzjQVQcZysl7nrjxz3uOyvlAZQ=",
      "requires": {
        "media-typer": "0.3.0",
        "mime-types": "2.1.21"
      }
    },
    "ultron": {
      "version": "1.1.1",
      "resolved": "https://hbc.jfrog.io/hbc/api/npm/hbc-virt-npm/ultron/-/ultron-1.1.1.tgz",
      "integrity": "sha1-n+FTahCmZKZSZqHjzPhf02MCvJw="
    },
    "unpipe": {
      "version": "1.0.0",
      "resolved": "https://hbc.jfrog.io/hbc/api/npm/hbc-virt-npm/unpipe/-/unpipe-1.0.0.tgz",
      "integrity": "sha1-sr9O6FFKrmFltIF4KdIbLvSZBOw="
    },
    "utils-merge": {
      "version": "1.0.1",
      "resolved": "https://hbc.jfrog.io/hbc/api/npm/hbc-virt-npm/utils-merge/-/utils-merge-1.0.1.tgz",
      "integrity": "sha1-n5VxD1CiZ5R7LMwSR0HBAoQn5xM="
    },
    "uuid": {
      "version": "3.3.2",
      "resolved": "https://hbc.jfrog.io/hbc/api/npm/hbc-virt-npm/uuid/-/uuid-3.3.2.tgz",
      "integrity": "sha1-G0r0lV6zB3xQHCOHL8ZROBFYcTE="
    },
    "vary": {
      "version": "1.1.2",
      "resolved": "https://hbc.jfrog.io/hbc/api/npm/hbc-virt-npm/vary/-/vary-1.1.2.tgz",
      "integrity": "sha1-IpnwLG3tMNSllhsLn3RSShj2NPw="
    },
    "verror": {
      "version": "1.10.0",
      "resolved": "https://hbc.jfrog.io/hbc/api/npm/hbc-virt-npm/verror/-/verror-1.10.0.tgz",
      "integrity": "sha1-OhBcoXBTr1XW4nDB+CiGguGNpAA=",
      "requires": {
        "assert-plus": "1.0.0",
        "core-util-is": "1.0.2",
        "extsprintf": "1.3.0"
      }
    },
    "very-fast-args": {
      "version": "1.1.0",
      "resolved": "https://hbc.jfrog.io/hbc/api/npm/hbc-virt-npm/very-fast-args/-/very-fast-args-1.1.0.tgz",
      "integrity": "sha1-4W0dH6+KbllqJGQh/ZCneWPQs5Y="
    },
    "ws": {
      "version": "3.3.3",
      "resolved": "https://hbc.jfrog.io/hbc/api/npm/hbc-virt-npm/ws/-/ws-3.3.3.tgz",
      "integrity": "sha1-8c+E/i1ekB686U767OeF8YeiKPI=",
      "requires": {
        "async-limiter": "1.0.0",
        "safe-buffer": "5.1.2",
        "ultron": "1.1.1"
      }
    },
    "xmlhttprequest-ssl": {
      "version": "1.5.5",
      "resolved": "https://hbc.jfrog.io/hbc/api/npm/hbc-virt-npm/xmlhttprequest-ssl/-/xmlhttprequest-ssl-1.5.5.tgz",
      "integrity": "sha1-wodrBhaKrcQOV9l+gRkayPQ5iz4="
    },
    "xtend": {
      "version": "2.1.2",
      "resolved": "https://hbc.jfrog.io/hbc/api/npm/hbc-virt-npm/xtend/-/xtend-2.1.2.tgz",
      "integrity": "sha1-bv7MKk2tjmlixJAbM3znuoe10os=",
      "requires": {
        "object-keys": "0.4.0"
      }
    },
    "yallist": {
      "version": "2.1.2",
      "resolved": "https://hbc.jfrog.io/hbc/api/npm/hbc-virt-npm/yallist/-/yallist-2.1.2.tgz",
      "integrity": "sha1-HBH5IY8HYImkfdUS+TxmmaaoHVI="
    },
    "yeast": {
      "version": "0.1.2",
      "resolved": "https://hbc.jfrog.io/hbc/api/npm/hbc-virt-npm/yeast/-/yeast-0.1.2.tgz",
      "integrity": "sha1-AI4G2AlDIMNy28L47XagymyKxBk="
    }
  }
}
